// !$*UTF8*$!
{
	archiveVersion = 1;
	classes = {
	};
	objectVersion = 48;
	objects = {

/* Begin PBXBuildFile section */
		B8EF12BD13D4D34A2C2FD9F6 /* Pods_DemoPdf.framework in Frameworks */ = {isa = PBXBuildFile; fileRef = 50C514309A33FC4E2A58167B /* Pods_DemoPdf.framework */; };
		F80161B3203EAA3000133E25 /* AppDelegate.swift in Sources */ = {isa = PBXBuildFile; fileRef = F80161B2203EAA3000133E25 /* AppDelegate.swift */; };
		F80161B5203EAA3000133E25 /* ViewController.swift in Sources */ = {isa = PBXBuildFile; fileRef = F80161B4203EAA3000133E25 /* ViewController.swift */; };
		F80161B8203EAA3000133E25 /* Main.storyboard in Resources */ = {isa = PBXBuildFile; fileRef = F80161B6203EAA3000133E25 /* Main.storyboard */; };
		F80161BA203EAA3000133E25 /* Assets.xcassets in Resources */ = {isa = PBXBuildFile; fileRef = F80161B9203EAA3000133E25 /* Assets.xcassets */; };
		F80161BD203EAA3000133E25 /* LaunchScreen.storyboard in Resources */ = {isa = PBXBuildFile; fileRef = F80161BB203EAA3000133E25 /* LaunchScreen.storyboard */; };
/* End PBXBuildFile section */

/* Begin PBXFileReference section */
		0D65F0237172E444C82D98F7 /* Pods-DemoPdf.release.xcconfig */ = {isa = PBXFileReference; includeInIndex = 1; lastKnownFileType = text.xcconfig; name = "Pods-DemoPdf.release.xcconfig"; path = "Pods/Target Support Files/Pods-DemoPdf/Pods-DemoPdf.release.xcconfig"; sourceTree = "<group>"; };
		20F07F230ED3B5ACD20D918D /* Pods-DemoPdf.debug.xcconfig */ = {isa = PBXFileReference; includeInIndex = 1; lastKnownFileType = text.xcconfig; name = "Pods-DemoPdf.debug.xcconfig"; path = "Pods/Target Support Files/Pods-DemoPdf/Pods-DemoPdf.debug.xcconfig"; sourceTree = "<group>"; };
		50C514309A33FC4E2A58167B /* Pods_DemoPdf.framework */ = {isa = PBXFileReference; explicitFileType = wrapper.framework; includeInIndex = 0; path = Pods_DemoPdf.framework; sourceTree = BUILT_PRODUCTS_DIR; };
		F80161AF203EAA3000133E25 /* DemoPdf.app */ = {isa = PBXFileReference; explicitFileType = wrapper.application; includeInIndex = 0; path = DemoPdf.app; sourceTree = BUILT_PRODUCTS_DIR; };
		F80161B2203EAA3000133E25 /* AppDelegate.swift */ = {isa = PBXFileReference; lastKnownFileType = sourcecode.swift; path = AppDelegate.swift; sourceTree = "<group>"; };
		F80161B4203EAA3000133E25 /* ViewController.swift */ = {isa = PBXFileReference; lastKnownFileType = sourcecode.swift; path = ViewController.swift; sourceTree = "<group>"; };
		F80161B7203EAA3000133E25 /* Base */ = {isa = PBXFileReference; lastKnownFileType = file.storyboard; name = Base; path = Base.lproj/Main.storyboard; sourceTree = "<group>"; };
		F80161B9203EAA3000133E25 /* Assets.xcassets */ = {isa = PBXFileReference; lastKnownFileType = folder.assetcatalog; path = Assets.xcassets; sourceTree = "<group>"; };
		F80161BC203EAA3000133E25 /* Base */ = {isa = PBXFileReference; lastKnownFileType = file.storyboard; name = Base; path = Base.lproj/LaunchScreen.storyboard; sourceTree = "<group>"; };
		F80161BE203EAA3000133E25 /* Info.plist */ = {isa = PBXFileReference; lastKnownFileType = text.plist.xml; path = Info.plist; sourceTree = "<group>"; };
/* End PBXFileReference section */

/* Begin PBXFrameworksBuildPhase section */
		F80161AC203EAA3000133E25 /* Frameworks */ = {
			isa = PBXFrameworksBuildPhase;
			buildActionMask = 2147483647;
			files = (
				B8EF12BD13D4D34A2C2FD9F6 /* Pods_DemoPdf.framework in Frameworks */,
			);
			runOnlyForDeploymentPostprocessing = 0;
		};
/* End PBXFrameworksBuildPhase section */

/* Begin PBXGroup section */
		41261EA54AD6E81B9E0B4E9B /* Pods */ = {
			isa = PBXGroup;
			children = (
				20F07F230ED3B5ACD20D918D /* Pods-DemoPdf.debug.xcconfig */,
				0D65F0237172E444C82D98F7 /* Pods-DemoPdf.release.xcconfig */,
			);
			name = Pods;
			sourceTree = "<group>";
		};
		59DCC46BA26BC72374D5397E /* Frameworks */ = {
			isa = PBXGroup;
			children = (
				50C514309A33FC4E2A58167B /* Pods_DemoPdf.framework */,
			);
			name = Frameworks;
			sourceTree = "<group>";
		};
		F80161A6203EAA3000133E25 = {
			isa = PBXGroup;
			children = (
				F80161B1203EAA3000133E25 /* DemoPdf */,
				F80161B0203EAA3000133E25 /* Products */,
				41261EA54AD6E81B9E0B4E9B /* Pods */,
				59DCC46BA26BC72374D5397E /* Frameworks */,
			);
			sourceTree = "<group>";
		};
		F80161B0203EAA3000133E25 /* Products */ = {
			isa = PBXGroup;
			children = (
				F80161AF203EAA3000133E25 /* DemoPdf.app */,
			);
			name = Products;
			sourceTree = "<group>";
		};
		F80161B1203EAA3000133E25 /* DemoPdf */ = {
			isa = PBXGroup;
			children = (
				F80161B2203EAA3000133E25 /* AppDelegate.swift */,
				F80161B4203EAA3000133E25 /* ViewController.swift */,
				F80161B6203EAA3000133E25 /* Main.storyboard */,
				F80161B9203EAA3000133E25 /* Assets.xcassets */,
				F80161BB203EAA3000133E25 /* LaunchScreen.storyboard */,
				F80161BE203EAA3000133E25 /* Info.plist */,
			);
			path = DemoPdf;
			sourceTree = "<group>";
		};
/* End PBXGroup section */

/* Begin PBXNativeTarget section */
		F80161AE203EAA3000133E25 /* DemoPdf */ = {
			isa = PBXNativeTarget;
			buildConfigurationList = F80161C1203EAA3000133E25 /* Build configuration list for PBXNativeTarget "DemoPdf" */;
			buildPhases = (
				049FA5A21759E66C3DC7CCA6 /* [CP] Check Pods Manifest.lock */,
				F80161AB203EAA3000133E25 /* Sources */,
				F80161AC203EAA3000133E25 /* Frameworks */,
				F80161AD203EAA3000133E25 /* Resources */,
				84FB3EF5CA91948CE9F1F8BB /* [CP] Embed Pods Frameworks */,
				F7E62D70ED917B526994FD82 /* [CP] Copy Pods Resources */,
				F80161C4203EAC9300133E25 /* ShellScript */,
			);
			buildRules = (
			);
			dependencies = (
			);
			name = DemoPdf;
			productName = DemoPdf;
			productReference = F80161AF203EAA3000133E25 /* DemoPdf.app */;
			productType = "com.apple.product-type.application";
		};
/* End PBXNativeTarget section */

/* Begin PBXProject section */
		F80161A7203EAA3000133E25 /* Project object */ = {
			isa = PBXProject;
			attributes = {
				LastSwiftUpdateCheck = 0920;
				LastUpgradeCheck = 0920;
				ORGANIZATIONNAME = "Si-Yang Wu";
				TargetAttributes = {
					F80161AE203EAA3000133E25 = {
						CreatedOnToolsVersion = 9.2;
						ProvisioningStyle = Automatic;
					};
				};
			};
			buildConfigurationList = F80161AA203EAA3000133E25 /* Build configuration list for PBXProject "DemoPdf" */;
			compatibilityVersion = "Xcode 8.0";
			developmentRegion = en;
			hasScannedForEncodings = 0;
			knownRegions = (
				en,
				Base,
			);
			mainGroup = F80161A6203EAA3000133E25;
			productRefGroup = F80161B0203EAA3000133E25 /* Products */;
			projectDirPath = "";
			projectRoot = "";
			targets = (
				F80161AE203EAA3000133E25 /* DemoPdf */,
			);
		};
/* End PBXProject section */

/* Begin PBXResourcesBuildPhase section */
		F80161AD203EAA3000133E25 /* Resources */ = {
			isa = PBXResourcesBuildPhase;
			buildActionMask = 2147483647;
			files = (
				F80161BD203EAA3000133E25 /* LaunchScreen.storyboard in Resources */,
				F80161BA203EAA3000133E25 /* Assets.xcassets in Resources */,
				F80161B8203EAA3000133E25 /* Main.storyboard in Resources */,
			);
			runOnlyForDeploymentPostprocessing = 0;
		};
/* End PBXResourcesBuildPhase section */

/* Begin PBXShellScriptBuildPhase section */
		049FA5A21759E66C3DC7CCA6 /* [CP] Check Pods Manifest.lock */ = {
			isa = PBXShellScriptBuildPhase;
			buildActionMask = 2147483647;
			files = (
			);
			inputPaths = (
				"${PODS_PODFILE_DIR_PATH}/Podfile.lock",
				"${PODS_ROOT}/Manifest.lock",
			);
			name = "[CP] Check Pods Manifest.lock";
			outputPaths = (
				"$(DERIVED_FILE_DIR)/Pods-DemoPdf-checkManifestLockResult.txt",
			);
			runOnlyForDeploymentPostprocessing = 0;
			shellPath = /bin/sh;
			shellScript = "diff \"${PODS_PODFILE_DIR_PATH}/Podfile.lock\" \"${PODS_ROOT}/Manifest.lock\" > /dev/null\nif [ $? != 0 ] ; then\n    # print error to STDERR\n    echo \"error: The sandbox is not in sync with the Podfile.lock. Run 'pod install' or update your CocoaPods installation.\" >&2\n    exit 1\nfi\n# This output is used by Xcode 'outputs' to avoid re-running this script phase.\necho \"SUCCESS\" > \"${SCRIPT_OUTPUT_FILE_0}\"\n";
			showEnvVarsInLog = 0;
		};
		84FB3EF5CA91948CE9F1F8BB /* [CP] Embed Pods Frameworks */ = {
			isa = PBXShellScriptBuildPhase;
			buildActionMask = 2147483647;
			files = (
			);
			inputPaths = (
				"${SRCROOT}/Pods/Target Support Files/Pods-DemoPdf/Pods-DemoPdf-frameworks.sh",
				"${BUILT_PRODUCTS_DIR}/TraceLog/TraceLog.framework",
			);
			name = "[CP] Embed Pods Frameworks";
			outputPaths = (
				"${TARGET_BUILD_DIR}/${FRAMEWORKS_FOLDER_PATH}/TraceLog.framework",
			);
			runOnlyForDeploymentPostprocessing = 0;
			shellPath = /bin/sh;
			shellScript = "\"${SRCROOT}/Pods/Target Support Files/Pods-DemoPdf/Pods-DemoPdf-frameworks.sh\"\n";
			showEnvVarsInLog = 0;
		};
		F7E62D70ED917B526994FD82 /* [CP] Copy Pods Resources */ = {
			isa = PBXShellScriptBuildPhase;
			buildActionMask = 2147483647;
			files = (
			);
			inputPaths = (
			);
			name = "[CP] Copy Pods Resources";
			outputPaths = (
			);
			runOnlyForDeploymentPostprocessing = 0;
			shellPath = /bin/sh;
			shellScript = "\"${SRCROOT}/Pods/Target Support Files/Pods-DemoPdf/Pods-DemoPdf-resources.sh\"\n";
			showEnvVarsInLog = 0;
		};
		F80161C4203EAC9300133E25 /* ShellScript */ = {
			isa = PBXShellScriptBuildPhase;
			buildActionMask = 2147483647;
			files = (
			);
			inputPaths = (
			);
			outputPaths = (
			);
			runOnlyForDeploymentPostprocessing = 0;
			shellPath = /bin/sh;
			shellScript = "\"${PODS_ROOT}/SwiftFormat/CommandLineTool/swiftformat\" \"${SRCROOT}\" --enable blankLinesAtEndOfScope,blankLinesBetweenScopes,braces,consecutiveBlankLines,consecutiveSpaces,hoistPatternLet,indent,linebreakAtEndOfFile,linebreaks,numberFormatting,ranges,redundantBackticks,redundantGet,redundantLet,redundantNilInit,redundantParens,redundantPattern,redundantRawValues,redundantReturn,redundantSelf,redundantVoidReturnType,redundantInit,semicolons,spaceAroundBraces,spaceAroundBrackets,spaceAroundComments,spaceAroundGenerics,spaceAroundOperators,spaceAroundParens,spaceInsideBraces,spaceInsideBrackets,spaceInsideComments,spaceInsideGenerics,spaceInsideParens,specifiers,trailingClosures,trailingCommas,trailingSpace,todos,unusedArguments,void,wrapArguments --disable elseOnSameLine,fileHeader --allman true --binarygrouping 4,8 --commas always --comments indent --decimalgrouping 3,6 --empty void --experimental disabled --exponentcase uppercase --hexgrouping 4,8 --hexliteralcase uppercase --ifdef indent --indent 4 --insertlines enabled --linebreaks lf --octalgrouping 4,8 --patternlet hoist --ranges spaced --removelines enabled --semicolons inline --self remove --stripunusedargs always --trimwhitespace always --wraparguments afterfirst --wrapelements beforefirst";
		};
/* End PBXShellScriptBuildPhase section */

/* Begin PBXSourcesBuildPhase section */
		F80161AB203EAA3000133E25 /* Sources */ = {
			isa = PBXSourcesBuildPhase;
			buildActionMask = 2147483647;
			files = (
				F80161B5203EAA3000133E25 /* ViewController.swift in Sources */,
				F80161B3203EAA3000133E25 /* AppDelegate.swift in Sources */,
			);
			runOnlyForDeploymentPostprocessing = 0;
		};
/* End PBXSourcesBuildPhase section */

/* Begin PBXVariantGroup section */
		F80161B6203EAA3000133E25 /* Main.storyboard */ = {
			isa = PBXVariantGroup;
			children = (
				F80161B7203EAA3000133E25 /* Base */,
			);
			name = Main.storyboard;
			sourceTree = "<group>";
		};
		F80161BB203EAA3000133E25 /* LaunchScreen.storyboard */ = {
			isa = PBXVariantGroup;
			children = (
				F80161BC203EAA3000133E25 /* Base */,
			);
			name = LaunchScreen.storyboard;
			sourceTree = "<group>";
		};
/* End PBXVariantGroup section */

/* Begin XCBuildConfiguration section */
		F80161BF203EAA3000133E25 /* Debug */ = {
			isa = XCBuildConfiguration;
			buildSettings = {
				ALWAYS_SEARCH_USER_PATHS = NO;
				CLANG_ANALYZER_NONNULL = YES;
				CLANG_ANALYZER_NUMBER_OBJECT_CONVERSION = YES_AGGRESSIVE;
				CLANG_CXX_LANGUAGE_STANDARD = "gnu++14";
				CLANG_CXX_LIBRARY = "libc++";
				CLANG_ENABLE_MODULES = YES;
				CLANG_ENABLE_OBJC_ARC = YES;
				CLANG_WARN_BLOCK_CAPTURE_AUTORELEASING = YES;
				CLANG_WARN_BOOL_CONVERSION = YES;
				CLANG_WARN_COMMA = YES;
				CLANG_WARN_CONSTANT_CONVERSION = YES;
				CLANG_WARN_DIRECT_OBJC_ISA_USAGE = YES_ERROR;
				CLANG_WARN_DOCUMENTATION_COMMENTS = YES;
				CLANG_WARN_EMPTY_BODY = YES;
				CLANG_WARN_ENUM_CONVERSION = YES;
				CLANG_WARN_INFINITE_RECURSION = YES;
				CLANG_WARN_INT_CONVERSION = YES;
				CLANG_WARN_NON_LITERAL_NULL_CONVERSION = YES;
				CLANG_WARN_OBJC_LITERAL_CONVERSION = YES;
				CLANG_WARN_OBJC_ROOT_CLASS = YES_ERROR;
				CLANG_WARN_RANGE_LOOP_ANALYSIS = YES;
				CLANG_WARN_STRICT_PROTOTYPES = YES;
				CLANG_WARN_SUSPICIOUS_MOVE = YES;
				CLANG_WARN_UNGUARDED_AVAILABILITY = YES_AGGRESSIVE;
				CLANG_WARN_UNREACHABLE_CODE = YES;
				CLANG_WARN__DUPLICATE_METHOD_MATCH = YES;
				CODE_SIGN_IDENTITY = "iPhone Developer";
				COPY_PHASE_STRIP = NO;
				DEBUG_INFORMATION_FORMAT = dwarf;
				ENABLE_STRICT_OBJC_MSGSEND = YES;
				ENABLE_TESTABILITY = YES;
				GCC_C_LANGUAGE_STANDARD = gnu11;
				GCC_DYNAMIC_NO_PIC = NO;
				GCC_NO_COMMON_BLOCKS = YES;
				GCC_OPTIMIZATION_LEVEL = 0;
				GCC_PREPROCESSOR_DEFINITIONS = (
					"DEBUG=1",
					"$(inherited)",
				);
				GCC_WARN_64_TO_32_BIT_CONVERSION = YES;
				GCC_WARN_ABOUT_RETURN_TYPE = YES_ERROR;
				GCC_WARN_UNDECLARED_SELECTOR = YES;
				GCC_WARN_UNINITIALIZED_AUTOS = YES_AGGRESSIVE;
				GCC_WARN_UNUSED_FUNCTION = YES;
				GCC_WARN_UNUSED_VARIABLE = YES;
				IPHONEOS_DEPLOYMENT_TARGET = 11.2;
				MTL_ENABLE_DEBUG_INFO = YES;
				ONLY_ACTIVE_ARCH = YES;
				SDKROOT = iphoneos;
				SWIFT_ACTIVE_COMPILATION_CONDITIONS = DEBUG;
				SWIFT_OPTIMIZATION_LEVEL = "-Onone";
			};
			name = Debug;
		};
		F80161C0203EAA3000133E25 /* Release */ = {
			isa = XCBuildConfiguration;
			buildSettings = {
				ALWAYS_SEARCH_USER_PATHS = NO;
				CLANG_ANALYZER_NONNULL = YES;
				CLANG_ANALYZER_NUMBER_OBJECT_CONVERSION = YES_AGGRESSIVE;
				CLANG_CXX_LANGUAGE_STANDARD = "gnu++14";
				CLANG_CXX_LIBRARY = "libc++";
				CLANG_ENABLE_MODULES = YES;
				CLANG_ENABLE_OBJC_ARC = YES;
				CLANG_WARN_BLOCK_CAPTURE_AUTORELEASING = YES;
				CLANG_WARN_BOOL_CONVERSION = YES;
				CLANG_WARN_COMMA = YES;
				CLANG_WARN_CONSTANT_CONVERSION = YES;
				CLANG_WARN_DIRECT_OBJC_ISA_USAGE = YES_ERROR;
				CLANG_WARN_DOCUMENTATION_COMMENTS = YES;
				CLANG_WARN_EMPTY_BODY = YES;
				CLANG_WARN_ENUM_CONVERSION = YES;
				CLANG_WARN_INFINITE_RECURSION = YES;
				CLANG_WARN_INT_CONVERSION = YES;
				CLANG_WARN_NON_LITERAL_NULL_CONVERSION = YES;
				CLANG_WARN_OBJC_LITERAL_CONVERSION = YES;
				CLANG_WARN_OBJC_ROOT_CLASS = YES_ERROR;
				CLANG_WARN_RANGE_LOOP_ANALYSIS = YES;
				CLANG_WARN_STRICT_PROTOTYPES = YES;
				CLANG_WARN_SUSPICIOUS_MOVE = YES;
				CLANG_WARN_UNGUARDED_AVAILABILITY = YES_AGGRESSIVE;
				CLANG_WARN_UNREACHABLE_CODE = YES;
				CLANG_WARN__DUPLICATE_METHOD_MATCH = YES;
				CODE_SIGN_IDENTITY = "iPhone Developer";
				COPY_PHASE_STRIP = NO;
				DEBUG_INFORMATION_FORMAT = "dwarf-with-dsym";
				ENABLE_NS_ASSERTIONS = NO;
				ENABLE_STRICT_OBJC_MSGSEND = YES;
				GCC_C_LANGUAGE_STANDARD = gnu11;
				GCC_NO_COMMON_BLOCKS = YES;
				GCC_WARN_64_TO_32_BIT_CONVERSION = YES;
				GCC_WARN_ABOUT_RETURN_TYPE = YES_ERROR;
				GCC_WARN_UNDECLARED_SELECTOR = YES;
				GCC_WARN_UNINITIALIZED_AUTOS = YES_AGGRESSIVE;
				GCC_WARN_UNUSED_FUNCTION = YES;
				GCC_WARN_UNUSED_VARIABLE = YES;
				IPHONEOS_DEPLOYMENT_TARGET = 11.2;
				MTL_ENABLE_DEBUG_INFO = NO;
				SDKROOT = iphoneos;
				SWIFT_OPTIMIZATION_LEVEL = "-Owholemodule";
				VALIDATE_PRODUCT = YES;
			};
			name = Release;
		};
		F80161C2203EAA3000133E25 /* Debug */ = {
			isa = XCBuildConfiguration;
			baseConfigurationReference = 20F07F230ED3B5ACD20D918D /* Pods-DemoPdf.debug.xcconfig */;
			buildSettings = {
				ASSETCATALOG_COMPILER_APPICON_NAME = AppIcon;
				CODE_SIGN_STYLE = Automatic;
				DEVELOPMENT_TEAM = SC46A6TASM;
				INFOPLIST_FILE = DemoPdf/Info.plist;
				LD_RUNPATH_SEARCH_PATHS = "$(inherited) @executable_path/Frameworks";
				PRODUCT_BUNDLE_IDENTIFIER = ca.bcit.DemoPdf;
				PRODUCT_NAME = "$(TARGET_NAME)";
				SWIFT_VERSION = 4.0;
				TARGETED_DEVICE_FAMILY = "1,2";
			};
			name = Debug;
		};
		F80161C3203EAA3000133E25 /* Release */ = {
			isa = XCBuildConfiguration;
			baseConfigurationReference = 0D65F0237172E444C82D98F7 /* Pods-DemoPdf.release.xcconfig */;
			buildSettings = {
				ASSETCATALOG_COMPILER_APPICON_NAME = AppIcon;
				CODE_SIGN_STYLE = Automatic;
				DEVELOPMENT_TEAM = SC46A6TASM;
				INFOPLIST_FILE = DemoPdf/Info.plist;
				LD_RUNPATH_SEARCH_PATHS = "$(inherited) @executable_path/Frameworks";
				PRODUCT_BUNDLE_IDENTIFIER = ca.bcit.DemoPdf;
				PRODUCT_NAME = "$(TARGET_NAME)";
				SWIFT_VERSION = 4.0;
				TARGETED_DEVICE_FAMILY = "1,2";
			};
			name = Release;
		};
/* End XCBuildConfiguration section */

/* Begin XCConfigurationList section */
		F80161AA203EAA3000133E25 /* Build configuration list for PBXProject "DemoPdf" */ = {
			isa = XCConfigurationList;
			buildConfigurations = (
				F80161BF203EAA3000133E25 /* Debug */,
				F80161C0203EAA3000133E25 /* Release */,
			);
			defaultConfigurationIsVisible = 0;
			defaultConfigurationName = Release;
		};
		F80161C1203EAA3000133E25 /* Build configuration list for PBXNativeTarget "DemoPdf" */ = {
			isa = XCConfigurationList;
			buildConfigurations = (
				F80161C2203EAA3000133E25 /* Debug */,
				F80161C3203EAA3000133E25 /* Release */,
			);
			defaultConfigurationIsVisible = 0;
			defaultConfigurationName = Release;
		};
/* End XCConfigurationList section */
	};
	rootObject = F80161A7203EAA3000133E25 /* Project object */;
}
